PODS:
  - Flutter (1.0.0)
  - flutter_money_formatter (0.0.1):
    - Flutter
  - moneytextformfield (0.0.1):
    - Flutter

DEPENDENCIES:
  - Flutter (from `Flutter`)
  - flutter_money_formatter (from `.symlinks/plugins/flutter_money_formatter/ios`)
  - moneytextformfield (from `.symlinks/plugins/moneytextformfield/ios`)

EXTERNAL SOURCES:
  Flutter:
    :path: Flutter
  flutter_money_formatter:
    :path: ".symlinks/plugins/flutter_money_formatter/ios"
  moneytextformfield:
    :path: ".symlinks/plugins/moneytextformfield/ios"

SPEC CHECKSUMS:
  Flutter: 0e3d915762c693b495b44d77113d4970485de6ec
  flutter_money_formatter: d0d18ddc5be333fad8d09964d741b59fa11a91dc
  moneytextformfield: e6e6855de28568922701dcde9198a4c7f17e2c79

PODFILE CHECKSUM: f32fb4e7c14f8b3ca19a369d7be425dd9241af27

COCOAPODS: 1.9.1
